
Microsoft Visual Studio Solution File, Format Version 12.00
Project("{FAE04EC0-301F-11D3-BF4B-00C04F79EFBC}") = "WebServer", "WebServer\WebServer.csproj", "{7E7518DC-EAB4-4ED8-BA3E-7710DB3C74FF}"
EndProject
Global
	GlobalSection(SolutionConfigurationPlatforms) = preSolution
		Debug|Any CPU = Debug|Any CPU
		Release|Any CPU = Release|Any CPU
	EndGlobalSection
	GlobalSection(ProjectConfigurationPlatforms) = postSolution
		{7E7518DC-EAB4-4ED8-BA3E-7710DB3C74FF}.Debug|Any CPU.ActiveCfg = Debug|Any CPU
		{7E7518DC-EAB4-4ED8-BA3E-7710DB3C74FF}.Debug|Any CPU.Build.0 = Debug|Any CPU
		{7E7518DC-EAB4-4ED8-BA3E-7710DB3C74FF}.Release|Any CPU.ActiveCfg = Release|Any CPU
		{7E7518DC-EAB4-4ED8-BA3E-7710DB3C74FF}.Release|Any CPU.Build.0 = Release|Any CPU
	EndGlobalSection
EndGlobal
